# This file is autogenerated, do not edit; changes may be undone by the next 'dep ensure'.


[[projects]]
  digest = "1:9fa7bb3c82f0d6dba7e8183ec6500804ac2550bd04be145261894d5a83f4bf0a"
  name = "github.com/bmatsuo/lmdb-go"
  packages = [
    "internal/lmdbarch",
    "lmdb",
  ]
  pruneopts = "UT"
  revision = "7b9e3bb5a8e4b9aac8972dced855c5aabad6ba2e"
  version = "v1.8.0"

[[projects]]
  digest = "1:bd342004ef1bb83bee8709e2ad630e47a95d069f7fcb60ee1b8bceb4bbbe14ae"
  name = "github.com/gobuffalo/envy"
  packages = ["."]
  pruneopts = "UT"
  revision = "801d7253ade1f895f74596b9a96147ed2d3b087e"
  version = "v1.6.11"

[[projects]]
  digest = "1:69148993c8baff35dbb0b5ec92eccb6b75b2b7255a4ad1257be38f51fff8f267"
  name = "github.com/golang/protobuf"
  packages = [
    "jsonpb",
    "proto",
    "ptypes/struct",
  ]
  pruneopts = "UT"
  revision = "aa810b61a9c79d51363740d207bb46cf8e620ed5"
  version = "v1.2.0"

[[projects]]
  digest = "1:c79fb010be38a59d657c48c6ba1d003a8aa651fa56b579d959d74573b7dff8e1"
  name = "github.com/gorilla/context"
  packages = ["."]
  pruneopts = "UT"
  revision = "08b5f424b9271eedf6f9f0ce86cb9396ed337a42"
  version = "v1.1.1"

[[projects]]
  digest = "1:e73f5b0152105f18bc131fba127d9949305c8693f8a762588a82a48f61756f5f"
  name = "github.com/gorilla/mux"
  packages = ["."]
  pruneopts = "UT"
  revision = "e3702bed27f0d39777b0b37b664b6280e8ef8fbf"
  version = "v1.6.2"

[[projects]]
  digest = "1:ecd9aa82687cf31d1585d4ac61d0ba180e42e8a6182b85bd785fcca8dfeefc1b"
  name = "github.com/joho/godotenv"
  packages = ["."]
  pruneopts = "UT"
  revision = "23d116af351c84513e1946b527c88823e476be13"
  version = "v1.3.0"

[[projects]]
  digest = "1:cbd169f49979ba0bc483cd418da756a21bba0081526d8af0fb0e9218deac2a08"
  name = "github.com/mailgun/mailgun-go"
  packages = ["."]
  pruneopts = "UT"
  revision = "4071f66f00fb74b08ae720f28ee9fcd98ebfd69e"
  version = "v2.0.0"

[[projects]]
  branch = "master"
  digest = "1:9f6281d8f50290ba740db82fe5be52877936e47928cd67285ab31b490c202247"
  name = "github.com/pkg/errors"
  packages = ["."]
  pruneopts = "UT"
  revision = "059132a15dd08d6704c67711dae0cf35ab991756"

[[projects]]
  digest = "1:efafa5160b1666d27e6e1ad4cd3fba27ce73aaaa1e99c3d02e14e55690a8878d"
  name = "github.com/rogpeppe/go-internal"
  packages = [
    "modfile",
    "module",
    "semver",
  ]
  pruneopts = "UT"
  revision = "d87f08a7d80821c797ffc8eb8f4e01675f378736"
  version = "v1.0.0"

[[projects]]
  branch = "master"
  digest = "1:f4e5276a3b356f4692107047fd2890f2fe534f4feeb6b1fd2f6dfbd87f1ccf54"
  name = "github.com/xeipuuv/gojsonpointer"
  packages = ["."]
  pruneopts = "UT"
  revision = "4e3ac2762d5f479393488629ee9370b50873b3a6"

[[projects]]
  branch = "master"
  digest = "1:dc6a6c28ca45d38cfce9f7cb61681ee38c5b99ec1425339bfc1e1a7ba769c807"
  name = "github.com/xeipuuv/gojsonreference"
  packages = ["."]
  pruneopts = "UT"
  revision = "bd5ef7bd5415a7ac448318e64f11a24cd21e594b"

[[projects]]
  digest = "1:41bd4de0a27c0b7affef4083bc8f86501b4c7d891f95809a0fb758a23eb5e78f"
  name = "github.com/xeipuuv/gojsonschema"
  packages = ["."]
  pruneopts = "UT"
  revision = "da425ebb7609ba06a0f395fc8a254d1c303364a0"
  version = "v1.0"

[solve-meta]
  analyzer-name = "dep"
  analyzer-version = 1
  input-imports = [
    "github.com/bmatsuo/lmdb-go/lmdb",
    "github.com/golang/protobuf/jsonpb",
    "github.com/golang/protobuf/proto",
    "github.com/gorilla/mux",
    "github.com/mailgun/mailgun-go",
    "github.com/xeipuuv/gojsonschema",
  ]
  solver-name = "gps-cdcl"
  solver-version = 1
